
Microsoft Visual Studio Solution File, Format Version 12.00
# Visual Studio 2013
VisualStudioVersion = 12.0.30723.0
MinimumVisualStudioVersion = 10.0.40219.1
Project("{FAE04EC0-301F-11D3-BF4B-00C04F79EFBC}") = "MusicFactory.Client.Console", "MusicFactory.Client.Console\MusicFactory.Client.Console.csproj", "{35C6C070-EED4-40E2-910A-ADED3016BD28}"
EndProject
Project("{FAE04EC0-301F-11D3-BF4B-00C04F79EFBC}") = "MusicFactory.DataModels", "MusicFactory.DataModels\MusicFactory.DataModels.csproj", "{1090FD58-E599-42D8-BBBA-049CD52F2FA2}"
EndProject
Project("{2150E333-8FDC-42A3-9474-1A3956D46DE8}") = ".nuget", ".nuget", "{90C640DC-68C2-49BC-ADB1-DFF73E20A9ED}"
	ProjectSection(SolutionItems) = preProject
		.nuget\NuGet.Config = .nuget\NuGet.Config
		.nuget\NuGet.exe = .nuget\NuGet.exe
		.nuget\NuGet.targets = .nuget\NuGet.targets
	EndProjectSection
EndProject
Global
	GlobalSection(SolutionConfigurationPlatforms) = preSolution
		Debug|Any CPU = Debug|Any CPU
		Release|Any CPU = Release|Any CPU
	EndGlobalSection
	GlobalSection(ProjectConfigurationPlatforms) = postSolution
		{35C6C070-EED4-40E2-910A-ADED3016BD28}.Debug|Any CPU.ActiveCfg = Debug|Any CPU
		{35C6C070-EED4-40E2-910A-ADED3016BD28}.Debug|Any CPU.Build.0 = Debug|Any CPU
		{35C6C070-EED4-40E2-910A-ADED3016BD28}.Release|Any CPU.ActiveCfg = Release|Any CPU
		{35C6C070-EED4-40E2-910A-ADED3016BD28}.Release|Any CPU.Build.0 = Release|Any CPU
		{1090FD58-E599-42D8-BBBA-049CD52F2FA2}.Debug|Any CPU.ActiveCfg = Debug|Any CPU
		{1090FD58-E599-42D8-BBBA-049CD52F2FA2}.Debug|Any CPU.Build.0 = Debug|Any CPU
		{1090FD58-E599-42D8-BBBA-049CD52F2FA2}.Release|Any CPU.ActiveCfg = Release|Any CPU
		{1090FD58-E599-42D8-BBBA-049CD52F2FA2}.Release|Any CPU.Build.0 = Release|Any CPU
	EndGlobalSection
	GlobalSection(SolutionProperties) = preSolution
		HideSolutionNode = FALSE
	EndGlobalSection
EndGlobal
